
Microsoft Visual Studio Solution File, Format Version 12.00
# Visual Studio 15
VisualStudioVersion = 15.0.27703.2035
MinimumVisualStudioVersion = 10.0.40219.1
Project("{FAE04EC0-301F-11D3-BF4B-00C04F79EFBC}") = "ComicBookGallery", "ComicBookGallery\ComicBookGallery.csproj", "{9D0827C9-673E-4B1A-934A-A32083CD1EE0}"
EndProject
Global
	GlobalSection(SolutionConfigurationPlatforms) = preSolution
		Debug|Any CPU = Debug|Any CPU
		Release|Any CPU = Release|Any CPU
	EndGlobalSection
	GlobalSection(ProjectConfigurationPlatforms) = postSolution
		{9D0827C9-673E-4B1A-934A-A32083CD1EE0}.Debug|Any CPU.ActiveCfg = Debug|Any CPU
		{9D0827C9-673E-4B1A-934A-A32083CD1EE0}.Debug|Any CPU.Build.0 = Debug|Any CPU
		{9D0827C9-673E-4B1A-934A-A32083CD1EE0}.Release|Any CPU.ActiveCfg = Release|Any CPU
		{9D0827C9-673E-4B1A-934A-A32083CD1EE0}.Release|Any CPU.Build.0 = Release|Any CPU
	EndGlobalSection
	GlobalSection(SolutionProperties) = preSolution
		HideSolutionNode = FALSE
	EndGlobalSection
	GlobalSection(ExtensibilityGlobals) = postSolution
		SolutionGuid = {3EC5A5E4-5E13-42DE-84E0-45A7C73A908D}
	EndGlobalSection
EndGlobal
